{
  "nodes": {
    "circt-nix": {
      "inputs": {
        "circt-src": "circt-src",
        "flake-compat": "flake-compat",
        "flake-utils": "flake-utils",
        "llvm-submodule-src": "llvm-submodule-src",
        "nixpkgs": "nixpkgs",
        "slang-src": "slang-src"
      },
      "locked": {
        "lastModified": 1775056957,
        "narHash": "sha256-x10gkH2LuvToTpy1k+i5mrcmf+I7+QyYXj4DB4OFhKc=",
        "ref": "main",
        "rev": "305a7a3e8bf95e3770db5391ed0f3e9a6a0078c2",
        "revCount": 1734,
        "type": "git",
        "url": "https://github.com/dtzSiFive/circt-nix"
      },
      "original": {
        "ref": "main",
        "type": "git",
        "url": "https://github.com/dtzSiFive/circt-nix"
      }
    },
    "circt-src": {
      "flake": false,
      "locked": {
        "lastModified": 1774994140,
        "narHash": "sha256-5Yh4+sG9hcax83EGfgxliBfZZt3uYN3L3SVTfTPtrxQ=",
        "owner": "llvm",
        "repo": "circt",
        "rev": "5dc62fe46c9dbf8936f4f706083301e7503715eb",
        "type": "github"
      },
      "original": {
        "owner": "llvm",
        "ref": "firtool-1.144.0",
        "repo": "circt",
        "type": "github"
      }
    },
    "flake-compat": {
      "flake": false,
      "locked": {
        "lastModified": 1767039857,
        "narHash": "sha256-vNpUSpF5Nuw8xvDLj2KCwwksIbjua2LZCqhV1LNRDns=",
        "owner": "edolstra",
        "repo": "flake-compat",
        "rev": "5edf11c44bc78a0d334f6334cdaf7d60d732daab",
        "type": "github"
      },
      "original": {
        "owner": "edolstra",
        "repo": "flake-compat",
        "type": "github"
      }
    },
    "flake-utils": {
      "inputs": {
        "systems": "systems"
      },
      "locked": {
        "lastModified": 1731533236,
        "narHash": "sha256-l0KFg5HjrsfsO/JpG+r7fRrqm12kzFHyUHqHCVpMMbI=",
        "owner": "numtide",
        "repo": "flake-utils",
        "rev": "11707dc2f618dd54ca8739b309ec4fc024de578b",
        "type": "github"
      },
      "original": {
        "owner": "numtide",
        "repo": "flake-utils",
        "type": "github"
      }
    },
    "flake-utils_2": {
      "inputs": {
        "systems": "systems_2"
      },
      "locked": {
        "lastModified": 1731533236,
        "narHash": "sha256-l0KFg5HjrsfsO/JpG+r7fRrqm12kzFHyUHqHCVpMMbI=",
        "owner": "numtide",
        "repo": "flake-utils",
        "rev": "11707dc2f618dd54ca8739b309ec4fc024de578b",
        "type": "github"
      },
      "original": {
        "owner": "numtide",
        "repo": "flake-utils",
        "type": "github"
      }
    },
    "flake-utils_3": {
      "inputs": {
        "systems": "systems_3"
      },
      "locked": {
        "lastModified": 1710146030,
        "narHash": "sha256-SZ5L6eA7HJ/nmkzGG7/ISclqe6oZdOZTNoesiInkXPQ=",
        "owner": "numtide",
        "repo": "flake-utils",
        "rev": "b1d9ab70662946ef0850d488da1c9019f3a9752a",
        "type": "github"
      },
      "original": {
        "owner": "numtide",
        "repo": "flake-utils",
        "type": "github"
      }
    },
    "flake-utils_4": {
      "inputs": {
        "systems": "systems_4"
      },
      "locked": {
        "lastModified": 1705309234,
        "narHash": "sha256-uNRRNRKmJyCRC/8y1RqBkqWBLM034y4qN7EprSdmgyA=",
        "owner": "numtide",
        "repo": "flake-utils",
        "rev": "1ef2e671c3b0c19053962c07dbda38332dcebf26",
        "type": "github"
      },
      "original": {
        "owner": "numtide",
        "repo": "flake-utils",
        "type": "github"
      }
    },
    "litedram": {
      "flake": false,
      "locked": {
        "lastModified": 1775661582,
        "narHash": "sha256-Xbb4lRypUFhYudlBA44aIRE740Vk5lxTM9r+upHdNgw=",
        "owner": "enjoy-digital",
        "repo": "litedram",
        "rev": "ef9f94a4aeef88f11567a5efa11fc6e7a3bf9dc2",
        "type": "github"
      },
      "original": {
        "owner": "enjoy-digital",
        "repo": "litedram",
        "type": "github"
      }
    },
    "litepcie": {
      "flake": false,
      "locked": {
        "lastModified": 1778164816,
        "narHash": "sha256-mhoxh2Qfz+6sSH9Qm0JeF7EyO7mqftcg/7JuVihtXnU=",
        "owner": "enjoy-digital",
        "repo": "litepcie",
        "rev": "07531c51edc94e2f25cfba6012fa19d52c936ef0",
        "type": "github"
      },
      "original": {
        "owner": "enjoy-digital",
        "repo": "litepcie",
        "type": "github"
      }
    },
    "litex": {
      "flake": false,
      "locked": {
        "lastModified": 1777539689,
        "narHash": "sha256-plBJyvihCnEp4bNVAHseKGJ7J68Bswynk5PNJAGqsJ8=",
        "owner": "enjoy-digital",
        "repo": "litex",
        "rev": "d9918790cadefc51f9904f800cba40ece6e3f07e",
        "type": "github"
      },
      "original": {
        "owner": "enjoy-digital",
        "repo": "litex",
        "type": "github"
      }
    },
    "litexBoards": {
      "flake": false,
      "locked": {
        "lastModified": 1777481793,
        "narHash": "sha256-LGGAKM0lOBd3UxxgpdR054Dsfs8t1DPAXo3wa/P7lSs=",
        "owner": "litex-hub",
        "repo": "litex-boards",
        "rev": "a323b27a3df0702183608308499c3759188cb41d",
        "type": "github"
      },
      "original": {
        "owner": "litex-hub",
        "repo": "litex-boards",
        "type": "github"
      }
    },
    "litexBoardsValidatedYpcb": {
      "flake": false,
      "locked": {
        "lastModified": 1747814785,
        "narHash": "sha256-4FIBGxIAAUI47KBaNGck8BzQinM/j0FcPKe8juf+A0E=",
        "owner": "litex-hub",
        "repo": "litex-boards",
        "rev": "6d58ae6b31d80b255de12c2d3f5bfefda4c38b90",
        "type": "github"
      },
      "original": {
        "owner": "litex-hub",
        "repo": "litex-boards",
        "rev": "6d58ae6b31d80b255de12c2d3f5bfefda4c38b90",
        "type": "github"
      }
    },
    "llvm-submodule-src": {
      "flake": false,
      "locked": {
        "lastModified": 1773296919,
        "narHash": "sha256-LLBh1Ndj6y8cOjGFcBTeM1x3VOVatok4jjayQnfbijM=",
        "owner": "llvm",
        "repo": "llvm-project",
        "rev": "7cb3005ba22899b8ab7efe4fe43cba09cb7e12d4",
        "type": "github"
      },
      "original": {
        "owner": "llvm",
        "repo": "llvm-project",
        "rev": "7cb3005ba22899b8ab7efe4fe43cba09cb7e12d4",
        "type": "github"
      }
    },
    "nextpnrXilinxFork": {
      "flake": false,
      "locked": {
        "lastModified": 1773321188,
        "narHash": "sha256-5s1eWJ+t8MEwefRc6o+4KKze22X+c4H49W7/Blj115I=",
        "ref": "stable-backports",
        "rev": "49b29b292469b15ca5330bd620caa0bd143eb8dd",
        "revCount": 3127,
        "submodules": true,
        "type": "git",
        "url": "https://github.com/RCoeurjoly/nextpnr-xilinx"
      },
      "original": {
        "ref": "stable-backports",
        "submodules": true,
        "type": "git",
        "url": "https://github.com/RCoeurjoly/nextpnr-xilinx"
      }
    },
    "nix-eda": {
      "inputs": {
        "nixpkgs": "nixpkgs_2"
      },
      "locked": {
        "lastModified": 1776011338,
        "narHash": "sha256-NMzDk7Xr0wYK8ME20BLfJRC7xZoTICHDfBfwX9qyL2M=",
        "owner": "fossi-foundation",
        "repo": "nix-eda",
        "rev": "7194881ff991f487200fc51d01982ace2b7d1aa9",
        "type": "github"
      },
      "original": {
        "owner": "fossi-foundation",
        "repo": "nix-eda",
        "type": "github"
      }
    },
    "nixpkgs": {
      "locked": {
        "lastModified": 1773755184,
        "narHash": "sha256-4yQ8tz7MA9uDcZCJr59dexXyTz4NpQGnmSs4gyeALO8=",
        "owner": "NixOS",
        "repo": "nixpkgs",
        "rev": "6fd329b2adfecb86ae49c1cba89689bd0f229e04",
        "type": "github"
      },
      "original": {
        "owner": "NixOS",
        "ref": "master",
        "repo": "nixpkgs",
        "type": "github"
      }
    },
    "nixpkgs-llvm21": {
      "locked": {
        "lastModified": 1767026758,
        "narHash": "sha256-7fsac/f7nh/VaKJ/qm3I338+wAJa/3J57cOGpXi0Sbg=",
        "owner": "NixOS",
        "repo": "nixpkgs",
        "rev": "346dd96ad74dc4457a9db9de4f4f57dab2e5731d",
        "type": "github"
      },
      "original": {
        "owner": "NixOS",
        "repo": "nixpkgs",
        "rev": "346dd96ad74dc4457a9db9de4f4f57dab2e5731d",
        "type": "github"
      }
    },
    "nixpkgs_2": {
      "locked": {
        "lastModified": 1766201043,
        "narHash": "sha256-eplAP+rorKKd0gNjV3rA6+0WMzb1X1i16F5m5pASnjA=",
        "owner": "nixos",
        "repo": "nixpkgs",
        "rev": "b3aad468604d3e488d627c0b43984eb60e75e782",
        "type": "github"
      },
      "original": {
        "owner": "nixos",
        "ref": "nixos-25.11",
        "repo": "nixpkgs",
        "type": "github"
      }
    },
    "nixpkgs_3": {
      "locked": {
        "lastModified": 1735563628,
        "narHash": "sha256-OnSAY7XDSx7CtDoqNh8jwVwh4xNL/2HaJxGjryLWzX8=",
        "owner": "NixOS",
        "repo": "nixpkgs",
        "rev": "b134951a4c9f3c995fd7be05f3243f8ecd65d798",
        "type": "github"
      },
      "original": {
        "owner": "NixOS",
        "ref": "nixos-24.05",
        "repo": "nixpkgs",
        "type": "github"
      }
    },
    "nixpkgs_4": {
      "locked": {
        "lastModified": 1725634671,
        "narHash": "sha256-v3rIhsJBOMLR8e/RNWxr828tB+WywYIoajrZKFM+0Gg=",
        "owner": "NixOS",
        "repo": "nixpkgs",
        "rev": "574d1eac1c200690e27b8eb4e24887f8df7ac27c",
        "type": "github"
      },
      "original": {
        "id": "nixpkgs",
        "ref": "nixos-unstable",
        "type": "indirect"
      }
    },
    "nixpkgs_5": {
      "locked": {
        "lastModified": 1708807242,
        "narHash": "sha256-sRTRkhMD4delO/hPxxi+XwLqPn8BuUq6nnj4JqLwOu0=",
        "owner": "NixOS",
        "repo": "nixpkgs",
        "rev": "73de017ef2d18a04ac4bfd0c02650007ccb31c2a",
        "type": "github"
      },
      "original": {
        "owner": "NixOS",
        "ref": "nixos-unstable",
        "repo": "nixpkgs",
        "type": "github"
      }
    },
    "openXC7": {
      "inputs": {
        "flake-utils": "flake-utils_3",
        "nixpkgs": "nixpkgs_4"
      },
      "locked": {
        "lastModified": 1773160997,
        "narHash": "sha256-TkqLbtg/KU3Jn9ptgvxUiW9brya7Hf+qo3vX2OgM1AI=",
        "owner": "RCoeurjoly",
        "repo": "toolchain-nix",
        "rev": "aebe5a3cf24ddd84818fb9a96daa96b8b76c796b",
        "type": "github"
      },
      "original": {
        "owner": "RCoeurjoly",
        "repo": "toolchain-nix",
        "type": "github"
      }
    },
    "pythondataCpuVexriscv": {
      "flake": false,
      "locked": {
        "lastModified": 1714046786,
        "narHash": "sha256-wkdKTODOu83hCsBTcH+5skNlHr6ypuUu04Tyop4PrEc=",
        "owner": "litex-hub",
        "repo": "pythondata-cpu-vexriscv",
        "rev": "1979a644dbe64d8d32dfbdd970dccee6add63723",
        "type": "github"
      },
      "original": {
        "owner": "litex-hub",
        "repo": "pythondata-cpu-vexriscv",
        "type": "github"
      }
    },
    "pythondataSoftwareCompilerRt": {
      "flake": false,
      "locked": {
        "lastModified": 1604528842,
        "narHash": "sha256-s/tfxhPwYAnu1z1LxEimeYWjX6IHbF2uD/1HjvQn/xo=",
        "ref": "refs/heads/master",
        "rev": "fcb03245613ccf3079cc833a701f13d0beaae09d",
        "revCount": 6160,
        "submodules": true,
        "type": "git",
        "url": "https://github.com/litex-hub/pythondata-software-compiler_rt"
      },
      "original": {
        "submodules": true,
        "type": "git",
        "url": "https://github.com/litex-hub/pythondata-software-compiler_rt"
      }
    },
    "pythondataSoftwarePicolibc": {
      "flake": false,
      "locked": {
        "lastModified": 1772810877,
        "narHash": "sha256-bnEnO0gXQE8HnTrO7fDykurNilvYQYJ6csM2t8NNedM=",
        "ref": "refs/heads/master",
        "rev": "4dbc2c3ffb06454a91d3101e27fa625d3a5f2069",
        "revCount": 203,
        "submodules": true,
        "type": "git",
        "url": "https://github.com/litex-hub/pythondata-software-picolibc"
      },
      "original": {
        "submodules": true,
        "type": "git",
        "url": "https://github.com/litex-hub/pythondata-software-picolibc"
      }
    },
    "root": {
      "inputs": {
        "circt-nix": "circt-nix",
        "flake-utils": "flake-utils_2",
        "litedram": "litedram",
        "litepcie": "litepcie",
        "litex": "litex",
        "litexBoards": "litexBoards",
        "litexBoardsValidatedYpcb": "litexBoardsValidatedYpcb",
        "nextpnrXilinxFork": "nextpnrXilinxFork",
        "nix-eda": "nix-eda",
        "nixpkgs": "nixpkgs_3",
        "nixpkgs-llvm21": "nixpkgs-llvm21",
        "openXC7": "openXC7",
        "pythondataCpuVexriscv": "pythondataCpuVexriscv",
        "pythondataSoftwareCompilerRt": "pythondataSoftwareCompilerRt",
        "pythondataSoftwarePicolibc": "pythondataSoftwarePicolibc",
        "uberDdr3": "uberDdr3",
        "yosys": "yosys",
        "yosys-slang": "yosys-slang",
        "ypcbHack": "ypcbHack"
      }
    },
    "slang-src": {
      "flake": false,
      "locked": {
        "lastModified": 1768519121,
        "narHash": "sha256-rw+DztENuY+DiAhQR2oNN/dQJzrcP5neF3LoWnqri+c=",
        "owner": "MikePopoloski",
        "repo": "slang",
        "rev": "ace09c5d7c9f4e28eed654d2f353c6dc792ebf67",
        "type": "github"
      },
      "original": {
        "owner": "MikePopoloski",
        "ref": "v10.0",
        "repo": "slang",
        "type": "github"
      }
    },
    "systems": {
      "locked": {
        "lastModified": 1681028828,
        "narHash": "sha256-Vy1rq5AaRuLzOxct8nz4T6wlgyUR7zLU309k9mBC768=",
        "owner": "nix-systems",
        "repo": "default",
        "rev": "da67096a3b9bf56a91d16901293e51ba5b49a27e",
        "type": "github"
      },
      "original": {
        "owner": "nix-systems",
        "repo": "default",
        "type": "github"
      }
    },
    "systems_2": {
      "locked": {
        "lastModified": 1681028828,
        "narHash": "sha256-Vy1rq5AaRuLzOxct8nz4T6wlgyUR7zLU309k9mBC768=",
        "owner": "nix-systems",
        "repo": "default",
        "rev": "da67096a3b9bf56a91d16901293e51ba5b49a27e",
        "type": "github"
      },
      "original": {
        "owner": "nix-systems",
        "repo": "default",
        "type": "github"
      }
    },
    "systems_3": {
      "locked": {
        "lastModified": 1681028828,
        "narHash": "sha256-Vy1rq5AaRuLzOxct8nz4T6wlgyUR7zLU309k9mBC768=",
        "owner": "nix-systems",
        "repo": "default",
        "rev": "da67096a3b9bf56a91d16901293e51ba5b49a27e",
        "type": "github"
      },
      "original": {
        "owner": "nix-systems",
        "repo": "default",
        "type": "github"
      }
    },
    "systems_4": {
      "locked": {
        "lastModified": 1681028828,
        "narHash": "sha256-Vy1rq5AaRuLzOxct8nz4T6wlgyUR7zLU309k9mBC768=",
        "owner": "nix-systems",
        "repo": "default",
        "rev": "da67096a3b9bf56a91d16901293e51ba5b49a27e",
        "type": "github"
      },
      "original": {
        "owner": "nix-systems",
        "repo": "default",
        "type": "github"
      }
    },
    "uberDdr3": {
      "flake": false,
      "locked": {
        "lastModified": 1768710334,
        "narHash": "sha256-Vo4nb9p1JdnGHyL7KfBp/mLcLwJFiuc581IOvaIAFjY=",
        "owner": "AngeloJacobo",
        "repo": "UberDDR3",
        "rev": "be6b2a3b8dfdce7f04a0e0dc9b5475cbab069a2d",
        "type": "github"
      },
      "original": {
        "owner": "AngeloJacobo",
        "repo": "UberDDR3",
        "type": "github"
      }
    },
    "yosys": {
      "inputs": {
        "flake-utils": "flake-utils_4",
        "nixpkgs": "nixpkgs_5"
      },
      "locked": {
        "lastModified": 1776959277,
        "narHash": "sha256-P/DrvHsMzfJLjxQ57cLycQvP8fuVorKMgL+3JRD6vyk=",
        "ref": "refs/heads/main",
        "rev": "2dc69a75783b00e151e500d036c7bf4add26a93b",
        "revCount": 17058,
        "submodules": true,
        "type": "git",
        "url": "https://github.com/YosysHQ/yosys"
      },
      "original": {
        "submodules": true,
        "type": "git",
        "url": "https://github.com/YosysHQ/yosys"
      }
    },
    "yosys-slang": {
      "flake": false,
      "locked": {
        "lastModified": 1776884539,
        "narHash": "sha256-Eq7Kzmyp+kg0mHA4BwNWoEMYN2pC5ich6Z2ok5Wptqk=",
        "ref": "refs/heads/master",
        "rev": "eabdfd1b836f08047de64dca93c286f2a935d68a",
        "revCount": 614,
        "submodules": true,
        "type": "git",
        "url": "https://github.com/povik/yosys-slang"
      },
      "original": {
        "submodules": true,
        "type": "git",
        "url": "https://github.com/povik/yosys-slang"
      }
    },
    "ypcbHack": {
      "flake": false,
      "locked": {
        "lastModified": 1735741377,
        "narHash": "sha256-CFbjeG0CC432qnRl8PA6KEa1hkDW2puMlCqNLpf1TMk=",
        "owner": "RCoeurjoly",
        "repo": "ypcb_00338_1p1_hack",
        "rev": "8b13ecf71b7061dd43a2b1580f0caa469f64303f",
        "type": "github"
      },
      "original": {
        "owner": "RCoeurjoly",
        "repo": "ypcb_00338_1p1_hack",
        "type": "github"
      }
    }
  },
  "root": "root",
  "version": 7
}
